
Microsoft Visual Studio Solution File, Format Version 12.00
# Visual Studio Version 17
VisualStudioVersion = 17.7.34024.191
MinimumVisualStudioVersion = 10.0.40219.1
Project("{FAE04EC0-301F-11D3-BF4B-00C04F79EFBC}") = "ConsoleApp6", "ConsoleApp6\ConsoleApp6.csproj", "{F1F70F7A-5384-4964-B716-DA8627A8A611}"
EndProject
Global
	GlobalSection(SolutionConfigurationPlatforms) = preSolution
		Debug|Any CPU = Debug|Any CPU
		Release|Any CPU = Release|Any CPU
	EndGlobalSection
	GlobalSection(ProjectConfigurationPlatforms) = postSolution
		{F1F70F7A-5384-4964-B716-DA8627A8A611}.Debug|Any CPU.ActiveCfg = Debug|Any CPU
		{F1F70F7A-5384-4964-B716-DA8627A8A611}.Debug|Any CPU.Build.0 = Debug|Any CPU
		{F1F70F7A-5384-4964-B716-DA8627A8A611}.Release|Any CPU.ActiveCfg = Release|Any CPU
		{F1F70F7A-5384-4964-B716-DA8627A8A611}.Release|Any CPU.Build.0 = Release|Any CPU
	EndGlobalSection
	GlobalSection(SolutionProperties) = preSolution
		HideSolutionNode = FALSE
	EndGlobalSection
	GlobalSection(ExtensibilityGlobals) = postSolution
		SolutionGuid = {71DA6A6A-7140-4AF2-BF7A-F806C83B4B6F}
	EndGlobalSection
EndGlobal
