
Microsoft Visual Studio Solution File, Format Version 12.00
# Visual Studio Version 17
VisualStudioVersion = 17.7.34024.191
MinimumVisualStudioVersion = 10.0.40219.1
Project("{FAE04EC0-301F-11D3-BF4B-00C04F79EFBC}") = "ConsoleApp1", "ConsoleApp1\ConsoleApp1.csproj", "{B16582D2-546A-4ED2-B2A1-5AD492509B4F}"
EndProject
Global
	GlobalSection(SolutionConfigurationPlatforms) = preSolution
		Debug|Any CPU = Debug|Any CPU
		Release|Any CPU = Release|Any CPU
	EndGlobalSection
	GlobalSection(ProjectConfigurationPlatforms) = postSolution
		{B16582D2-546A-4ED2-B2A1-5AD492509B4F}.Debug|Any CPU.ActiveCfg = Debug|Any CPU
		{B16582D2-546A-4ED2-B2A1-5AD492509B4F}.Debug|Any CPU.Build.0 = Debug|Any CPU
		{B16582D2-546A-4ED2-B2A1-5AD492509B4F}.Release|Any CPU.ActiveCfg = Release|Any CPU
		{B16582D2-546A-4ED2-B2A1-5AD492509B4F}.Release|Any CPU.Build.0 = Release|Any CPU
	EndGlobalSection
	GlobalSection(SolutionProperties) = preSolution
		HideSolutionNode = FALSE
	EndGlobalSection
	GlobalSection(ExtensibilityGlobals) = postSolution
		SolutionGuid = {D217BBCA-76D3-49AC-A8C9-3751A08E3289}
	EndGlobalSection
EndGlobal
