
Microsoft Visual Studio Solution File, Format Version 12.00
# Visual Studio Version 17
VisualStudioVersion = 17.7.34024.191
MinimumVisualStudioVersion = 10.0.40219.1
Project("{FAE04EC0-301F-11D3-BF4B-00C04F79EFBC}") = "ConsoleApp1", "ConsoleApp1\ConsoleApp1.csproj", "{DDB6B883-2A55-4248-B6EA-1AE9B6877437}"
EndProject
Global
	GlobalSection(SolutionConfigurationPlatforms) = preSolution
		Debug|Any CPU = Debug|Any CPU
		Release|Any CPU = Release|Any CPU
	EndGlobalSection
	GlobalSection(ProjectConfigurationPlatforms) = postSolution
		{DDB6B883-2A55-4248-B6EA-1AE9B6877437}.Debug|Any CPU.ActiveCfg = Debug|Any CPU
		{DDB6B883-2A55-4248-B6EA-1AE9B6877437}.Debug|Any CPU.Build.0 = Debug|Any CPU
		{DDB6B883-2A55-4248-B6EA-1AE9B6877437}.Release|Any CPU.ActiveCfg = Release|Any CPU
		{DDB6B883-2A55-4248-B6EA-1AE9B6877437}.Release|Any CPU.Build.0 = Release|Any CPU
	EndGlobalSection
	GlobalSection(SolutionProperties) = preSolution
		HideSolutionNode = FALSE
	EndGlobalSection
	GlobalSection(ExtensibilityGlobals) = postSolution
		SolutionGuid = {3F1FCA2E-BCB3-4F2A-B70B-F0BED71A7302}
	EndGlobalSection
EndGlobal
