
Microsoft Visual Studio Solution File, Format Version 12.00
# Visual Studio Version 17
VisualStudioVersion = 17.7.34024.191
MinimumVisualStudioVersion = 10.0.40219.1
Project("{FAE04EC0-301F-11D3-BF4B-00C04F79EFBC}") = "Task07", "Task07\Task07.csproj", "{6CFE407F-4137-498F-8604-E2E7DFFA777C}"
EndProject
Global
	GlobalSection(SolutionConfigurationPlatforms) = preSolution
		Debug|Any CPU = Debug|Any CPU
		Release|Any CPU = Release|Any CPU
	EndGlobalSection
	GlobalSection(ProjectConfigurationPlatforms) = postSolution
		{6CFE407F-4137-498F-8604-E2E7DFFA777C}.Debug|Any CPU.ActiveCfg = Debug|Any CPU
		{6CFE407F-4137-498F-8604-E2E7DFFA777C}.Debug|Any CPU.Build.0 = Debug|Any CPU
		{6CFE407F-4137-498F-8604-E2E7DFFA777C}.Release|Any CPU.ActiveCfg = Release|Any CPU
		{6CFE407F-4137-498F-8604-E2E7DFFA777C}.Release|Any CPU.Build.0 = Release|Any CPU
	EndGlobalSection
	GlobalSection(SolutionProperties) = preSolution
		HideSolutionNode = FALSE
	EndGlobalSection
	GlobalSection(ExtensibilityGlobals) = postSolution
		SolutionGuid = {B5764830-0E82-4C7D-A089-FC97C72F0ACE}
	EndGlobalSection
EndGlobal
