
Microsoft Visual Studio Solution File, Format Version 12.00
# Visual Studio Version 17
VisualStudioVersion = 17.7.34024.191
MinimumVisualStudioVersion = 10.0.40219.1
Project("{FAE04EC0-301F-11D3-BF4B-00C04F79EFBC}") = "Task01", "Task01\Task01.csproj", "{A6F34B5B-916F-4601-BA5B-57203C99AE05}"
EndProject
Global
	GlobalSection(SolutionConfigurationPlatforms) = preSolution
		Debug|Any CPU = Debug|Any CPU
		Release|Any CPU = Release|Any CPU
	EndGlobalSection
	GlobalSection(ProjectConfigurationPlatforms) = postSolution
		{A6F34B5B-916F-4601-BA5B-57203C99AE05}.Debug|Any CPU.ActiveCfg = Debug|Any CPU
		{A6F34B5B-916F-4601-BA5B-57203C99AE05}.Debug|Any CPU.Build.0 = Debug|Any CPU
		{A6F34B5B-916F-4601-BA5B-57203C99AE05}.Release|Any CPU.ActiveCfg = Release|Any CPU
		{A6F34B5B-916F-4601-BA5B-57203C99AE05}.Release|Any CPU.Build.0 = Release|Any CPU
	EndGlobalSection
	GlobalSection(SolutionProperties) = preSolution
		HideSolutionNode = FALSE
	EndGlobalSection
	GlobalSection(ExtensibilityGlobals) = postSolution
		SolutionGuid = {26F12802-BE4A-45AB-AF31-3E0CA282872B}
	EndGlobalSection
EndGlobal
