
Microsoft Visual Studio Solution File, Format Version 12.00
# Visual Studio Version 17
VisualStudioVersion = 17.7.34024.191
MinimumVisualStudioVersion = 10.0.40219.1
Project("{FAE04EC0-301F-11D3-BF4B-00C04F79EFBC}") = "Task09", "Task09\Task09.csproj", "{5F8AEA04-8AE1-4469-BF71-8D40D5C6BAF5}"
EndProject
Global
	GlobalSection(SolutionConfigurationPlatforms) = preSolution
		Debug|Any CPU = Debug|Any CPU
		Release|Any CPU = Release|Any CPU
	EndGlobalSection
	GlobalSection(ProjectConfigurationPlatforms) = postSolution
		{5F8AEA04-8AE1-4469-BF71-8D40D5C6BAF5}.Debug|Any CPU.ActiveCfg = Debug|Any CPU
		{5F8AEA04-8AE1-4469-BF71-8D40D5C6BAF5}.Debug|Any CPU.Build.0 = Debug|Any CPU
		{5F8AEA04-8AE1-4469-BF71-8D40D5C6BAF5}.Release|Any CPU.ActiveCfg = Release|Any CPU
		{5F8AEA04-8AE1-4469-BF71-8D40D5C6BAF5}.Release|Any CPU.Build.0 = Release|Any CPU
	EndGlobalSection
	GlobalSection(SolutionProperties) = preSolution
		HideSolutionNode = FALSE
	EndGlobalSection
	GlobalSection(ExtensibilityGlobals) = postSolution
		SolutionGuid = {576DE0E7-27BB-40F0-A478-56C4F9C2FDD5}
	EndGlobalSection
EndGlobal
