
Microsoft Visual Studio Solution File, Format Version 12.00
# Visual Studio Version 17
VisualStudioVersion = 17.7.34024.191
MinimumVisualStudioVersion = 10.0.40219.1
Project("{FAE04EC0-301F-11D3-BF4B-00C04F79EFBC}") = "Task04", "Task04\Task04.csproj", "{0923BE3D-9180-4150-8FEB-65DC71F67E04}"
EndProject
Global
	GlobalSection(SolutionConfigurationPlatforms) = preSolution
		Debug|Any CPU = Debug|Any CPU
		Release|Any CPU = Release|Any CPU
	EndGlobalSection
	GlobalSection(ProjectConfigurationPlatforms) = postSolution
		{0923BE3D-9180-4150-8FEB-65DC71F67E04}.Debug|Any CPU.ActiveCfg = Debug|Any CPU
		{0923BE3D-9180-4150-8FEB-65DC71F67E04}.Debug|Any CPU.Build.0 = Debug|Any CPU
		{0923BE3D-9180-4150-8FEB-65DC71F67E04}.Release|Any CPU.ActiveCfg = Release|Any CPU
		{0923BE3D-9180-4150-8FEB-65DC71F67E04}.Release|Any CPU.Build.0 = Release|Any CPU
	EndGlobalSection
	GlobalSection(SolutionProperties) = preSolution
		HideSolutionNode = FALSE
	EndGlobalSection
	GlobalSection(ExtensibilityGlobals) = postSolution
		SolutionGuid = {F5C117C7-E5BB-4463-BC7A-618AFEF85282}
	EndGlobalSection
EndGlobal
