
Microsoft Visual Studio Solution File, Format Version 12.00
# Visual Studio Version 17
VisualStudioVersion = 17.3.32825.248
MinimumVisualStudioVersion = 10.0.40219.1
Project("{FAE04EC0-301F-11D3-BF4B-00C04F79EFBC}") = "Self", "Self\Self.csproj", "{4FFF3660-5409-4CB3-AE45-66E62D56D1F5}"
EndProject
Global
	GlobalSection(SolutionConfigurationPlatforms) = preSolution
		Debug|Any CPU = Debug|Any CPU
		Release|Any CPU = Release|Any CPU
	EndGlobalSection
	GlobalSection(ProjectConfigurationPlatforms) = postSolution
		{4FFF3660-5409-4CB3-AE45-66E62D56D1F5}.Debug|Any CPU.ActiveCfg = Debug|Any CPU
		{4FFF3660-5409-4CB3-AE45-66E62D56D1F5}.Debug|Any CPU.Build.0 = Debug|Any CPU
		{4FFF3660-5409-4CB3-AE45-66E62D56D1F5}.Release|Any CPU.ActiveCfg = Release|Any CPU
		{4FFF3660-5409-4CB3-AE45-66E62D56D1F5}.Release|Any CPU.Build.0 = Release|Any CPU
	EndGlobalSection
	GlobalSection(SolutionProperties) = preSolution
		HideSolutionNode = FALSE
	EndGlobalSection
	GlobalSection(ExtensibilityGlobals) = postSolution
		SolutionGuid = {18A9F942-62FB-477F-8B25-4E84302CB719}
	EndGlobalSection
EndGlobal
