
Microsoft Visual Studio Solution File, Format Version 12.00
# Visual Studio Version 17
VisualStudioVersion = 17.0.31903.59
MinimumVisualStudioVersion = 10.0.40219.1
Project("{FAE04EC0-301F-11D3-BF4B-00C04F79EFBC}") = "task4", "Task04\task4\task4.csproj", "{321C4C64-D53F-4A5F-B7D4-472DD33293B2}"
EndProject
Global
	GlobalSection(SolutionConfigurationPlatforms) = preSolution
		Debug|Any CPU = Debug|Any CPU
		Release|Any CPU = Release|Any CPU
	EndGlobalSection
	GlobalSection(ProjectConfigurationPlatforms) = postSolution
		{321C4C64-D53F-4A5F-B7D4-472DD33293B2}.Debug|Any CPU.ActiveCfg = Debug|Any CPU
		{321C4C64-D53F-4A5F-B7D4-472DD33293B2}.Debug|Any CPU.Build.0 = Debug|Any CPU
		{321C4C64-D53F-4A5F-B7D4-472DD33293B2}.Release|Any CPU.ActiveCfg = Release|Any CPU
		{321C4C64-D53F-4A5F-B7D4-472DD33293B2}.Release|Any CPU.Build.0 = Release|Any CPU
	EndGlobalSection
	GlobalSection(SolutionProperties) = preSolution
		HideSolutionNode = FALSE
	EndGlobalSection
	GlobalSection(ExtensibilityGlobals) = postSolution
		SolutionGuid = {BB547B7C-B821-4A69-BB20-FB054543AFEE}
	EndGlobalSection
EndGlobal
