
Microsoft Visual Studio Solution File, Format Version 12.00
# Visual Studio Version 17
VisualStudioVersion = 17.0.31903.59
MinimumVisualStudioVersion = 10.0.40219.1
Project("{FAE04EC0-301F-11D3-BF4B-00C04F79EFBC}") = "InputOutput", "InputOutput\InputOutput.csproj", "{C277A504-D0E4-437D-B4F8-8AF64CDBA6A5}"
EndProject
Project("{FAE04EC0-301F-11D3-BF4B-00C04F79EFBC}") = "EasyFormating", "EasyFormating\EasyFormating.csproj", "{BB89E44A-7DE5-4323-98D8-9267EECB1BBE}"
EndProject
Global
	GlobalSection(SolutionConfigurationPlatforms) = preSolution
		Debug|Any CPU = Debug|Any CPU
		Release|Any CPU = Release|Any CPU
	EndGlobalSection
	GlobalSection(SolutionProperties) = preSolution
		HideSolutionNode = FALSE
	EndGlobalSection
	GlobalSection(ProjectConfigurationPlatforms) = postSolution
		{C277A504-D0E4-437D-B4F8-8AF64CDBA6A5}.Debug|Any CPU.ActiveCfg = Debug|Any CPU
		{C277A504-D0E4-437D-B4F8-8AF64CDBA6A5}.Debug|Any CPU.Build.0 = Debug|Any CPU
		{C277A504-D0E4-437D-B4F8-8AF64CDBA6A5}.Release|Any CPU.ActiveCfg = Release|Any CPU
		{C277A504-D0E4-437D-B4F8-8AF64CDBA6A5}.Release|Any CPU.Build.0 = Release|Any CPU
		{BB89E44A-7DE5-4323-98D8-9267EECB1BBE}.Debug|Any CPU.ActiveCfg = Debug|Any CPU
		{BB89E44A-7DE5-4323-98D8-9267EECB1BBE}.Debug|Any CPU.Build.0 = Debug|Any CPU
		{BB89E44A-7DE5-4323-98D8-9267EECB1BBE}.Release|Any CPU.ActiveCfg = Release|Any CPU
		{BB89E44A-7DE5-4323-98D8-9267EECB1BBE}.Release|Any CPU.Build.0 = Release|Any CPU
	EndGlobalSection
EndGlobal
