
Microsoft Visual Studio Solution File, Format Version 12.00
# Visual Studio Version 17
VisualStudioVersion = 17.5.33424.131
MinimumVisualStudioVersion = 10.0.40219.1
Project("{FAE04EC0-301F-11D3-BF4B-00C04F79EFBC}") = "ToDo", "ToDo\ToDo.csproj", "{C83AFFD0-4D8E-4898-A20D-B0D335BA4860}"
EndProject
Global
	GlobalSection(SolutionConfigurationPlatforms) = preSolution
		Debug|Any CPU = Debug|Any CPU
		Release|Any CPU = Release|Any CPU
	EndGlobalSection
	GlobalSection(ProjectConfigurationPlatforms) = postSolution
		{C83AFFD0-4D8E-4898-A20D-B0D335BA4860}.Debug|Any CPU.ActiveCfg = Debug|Any CPU
		{C83AFFD0-4D8E-4898-A20D-B0D335BA4860}.Debug|Any CPU.Build.0 = Debug|Any CPU
		{C83AFFD0-4D8E-4898-A20D-B0D335BA4860}.Release|Any CPU.ActiveCfg = Release|Any CPU
		{C83AFFD0-4D8E-4898-A20D-B0D335BA4860}.Release|Any CPU.Build.0 = Release|Any CPU
	EndGlobalSection
	GlobalSection(SolutionProperties) = preSolution
		HideSolutionNode = FALSE
	EndGlobalSection
	GlobalSection(ExtensibilityGlobals) = postSolution
		SolutionGuid = {9477C9E5-0A13-4172-9B42-D7C09F29E3AC}
	EndGlobalSection
EndGlobal
