
Microsoft Visual Studio Solution File, Format Version 12.00
# Visual Studio Version 17
VisualStudioVersion = 17.7.34024.191
MinimumVisualStudioVersion = 10.0.40219.1
Project("{FAE04EC0-301F-11D3-BF4B-00C04F79EFBC}") = "ConsoleApp1", "ConsoleApp1\ConsoleApp1.csproj", "{3FFE1D7D-B290-4BF9-A081-C39D9407D2DE}"
EndProject
Global
	GlobalSection(SolutionConfigurationPlatforms) = preSolution
		Debug|Any CPU = Debug|Any CPU
		Release|Any CPU = Release|Any CPU
	EndGlobalSection
	GlobalSection(ProjectConfigurationPlatforms) = postSolution
		{3FFE1D7D-B290-4BF9-A081-C39D9407D2DE}.Debug|Any CPU.ActiveCfg = Debug|Any CPU
		{3FFE1D7D-B290-4BF9-A081-C39D9407D2DE}.Debug|Any CPU.Build.0 = Debug|Any CPU
		{3FFE1D7D-B290-4BF9-A081-C39D9407D2DE}.Release|Any CPU.ActiveCfg = Release|Any CPU
		{3FFE1D7D-B290-4BF9-A081-C39D9407D2DE}.Release|Any CPU.Build.0 = Release|Any CPU
	EndGlobalSection
	GlobalSection(SolutionProperties) = preSolution
		HideSolutionNode = FALSE
	EndGlobalSection
	GlobalSection(ExtensibilityGlobals) = postSolution
		SolutionGuid = {903F47F9-EE14-428F-93DF-1D9EA10A833C}
	EndGlobalSection
EndGlobal
