
Microsoft Visual Studio Solution File, Format Version 12.00
# Visual Studio Version 17
VisualStudioVersion = 17.7.34024.191
MinimumVisualStudioVersion = 10.0.40219.1
Project("{FAE04EC0-301F-11D3-BF4B-00C04F79EFBC}") = "ConsoleApp1", "ConsoleApp1\ConsoleApp1.csproj", "{B4FC1513-433C-455E-B8F9-272487D02E06}"
EndProject
Global
	GlobalSection(SolutionConfigurationPlatforms) = preSolution
		Debug|Any CPU = Debug|Any CPU
		Release|Any CPU = Release|Any CPU
	EndGlobalSection
	GlobalSection(ProjectConfigurationPlatforms) = postSolution
		{B4FC1513-433C-455E-B8F9-272487D02E06}.Debug|Any CPU.ActiveCfg = Debug|Any CPU
		{B4FC1513-433C-455E-B8F9-272487D02E06}.Debug|Any CPU.Build.0 = Debug|Any CPU
		{B4FC1513-433C-455E-B8F9-272487D02E06}.Release|Any CPU.ActiveCfg = Release|Any CPU
		{B4FC1513-433C-455E-B8F9-272487D02E06}.Release|Any CPU.Build.0 = Release|Any CPU
	EndGlobalSection
	GlobalSection(SolutionProperties) = preSolution
		HideSolutionNode = FALSE
	EndGlobalSection
	GlobalSection(ExtensibilityGlobals) = postSolution
		SolutionGuid = {A4744DA4-A732-4025-B8A2-A9F81914612B}
	EndGlobalSection
EndGlobal
